// !$*UTF8*$!
{
	archiveVersion = 1;
	classes = {
	};
	objectVersion = 55;
	objects = {

/* Begin PBXBuildFile section */
		9246BAA62862C26A00B28DFE /* DittobnbApp.swift in Sources */ = {isa = PBXBuildFile; fileRef = 9246BAA52862C26A00B28DFE /* DittobnbApp.swift */; };
		9246BAA82862C26A00B28DFE /* ActivitiesView.swift in Sources */ = {isa = PBXBuildFile; fileRef = 9246BAA72862C26A00B28DFE /* ActivitiesView.swift */; };
		9246BAAA2862C26C00B28DFE /* Assets.xcassets in Resources */ = {isa = PBXBuildFile; fileRef = 9246BAA92862C26C00B28DFE /* Assets.xcassets */; };
		9246BAAD2862C26C00B28DFE /* Preview Assets.xcassets in Resources */ = {isa = PBXBuildFile; fileRef = 9246BAAC2862C26C00B28DFE /* Preview Assets.xcassets */; };
		9246BAB42862C2F000B28DFE /* BecomeAHostView.swift in Sources */ = {isa = PBXBuildFile; fileRef = 9246BAB32862C2F000B28DFE /* BecomeAHostView.swift */; };
		9246BAB62862C2F800B28DFE /* OnlineExperiencesView.swift in Sources */ = {isa = PBXBuildFile; fileRef = 9246BAB52862C2F800B28DFE /* OnlineExperiencesView.swift */; };
		9246BAB82862C30900B28DFE /* PlacesToStayView.swift in Sources */ = {isa = PBXBuildFile; fileRef = 9246BAB72862C30900B28DFE /* PlacesToStayView.swift */; };
		9246BABA28637CA400B28DFE /* SideMenuView.swift in Sources */ = {isa = PBXBuildFile; fileRef = 9246BAB928637CA400B28DFE /* SideMenuView.swift */; };
		9246BACA2863B40700B28DFE /* Localizable.strings in Resources */ = {isa = PBXBuildFile; fileRef = 9246BAC42863B40700B28DFE /* Localizable.strings */; };
		9246BACB2863B40700B28DFE /* Localizable.stringsdict in Resources */ = {isa = PBXBuildFile; fileRef = 9246BAC62863B40700B28DFE /* Localizable.stringsdict */; };
/* End PBXBuildFile section */

/* Begin PBXFileReference section */
		9246BAA22862C26A00B28DFE /* Dittobnb.app */ = {isa = PBXFileReference; explicitFileType = wrapper.application; includeInIndex = 0; path = Dittobnb.app; sourceTree = BUILT_PRODUCTS_DIR; };
		9246BAA52862C26A00B28DFE /* DittobnbApp.swift */ = {isa = PBXFileReference; lastKnownFileType = sourcecode.swift; path = DittobnbApp.swift; sourceTree = "<group>"; };
		9246BAA72862C26A00B28DFE /* ActivitiesView.swift */ = {isa = PBXFileReference; lastKnownFileType = sourcecode.swift; path = ActivitiesView.swift; sourceTree = "<group>"; };
		9246BAA92862C26C00B28DFE /* Assets.xcassets */ = {isa = PBXFileReference; lastKnownFileType = folder.assetcatalog; path = Assets.xcassets; sourceTree = "<group>"; };
		9246BAAC2862C26C00B28DFE /* Preview Assets.xcassets */ = {isa = PBXFileReference; lastKnownFileType = folder.assetcatalog; path = "Preview Assets.xcassets"; sourceTree = "<group>"; };
		9246BAB32862C2F000B28DFE /* BecomeAHostView.swift */ = {isa = PBXFileReference; lastKnownFileType = sourcecode.swift; path = BecomeAHostView.swift; sourceTree = "<group>"; };
		9246BAB52862C2F800B28DFE /* OnlineExperiencesView.swift */ = {isa = PBXFileReference; lastKnownFileType = sourcecode.swift; path = OnlineExperiencesView.swift; sourceTree = "<group>"; };
		9246BAB72862C30900B28DFE /* PlacesToStayView.swift */ = {isa = PBXFileReference; lastKnownFileType = sourcecode.swift; path = PlacesToStayView.swift; sourceTree = "<group>"; };
		9246BAB928637CA400B28DFE /* SideMenuView.swift */ = {isa = PBXFileReference; lastKnownFileType = sourcecode.swift; path = SideMenuView.swift; sourceTree = "<group>"; };
		9246BAC52863B40700B28DFE /* en */ = {isa = PBXFileReference; lastKnownFileType = text.plist.strings; name = en; path = en.lproj/Localizable.strings; sourceTree = "<group>"; };
		9246BAC72863B40700B28DFE /* en */ = {isa = PBXFileReference; lastKnownFileType = text.plist.stringsdict; name = en; path = en.lproj/Localizable.stringsdict; sourceTree = "<group>"; };
		9246BAD22863B45B00B28DFE /* es */ = {isa = PBXFileReference; lastKnownFileType = text.plist.strings; name = es; path = es.lproj/Localizable.strings; sourceTree = "<group>"; };
		9246BAD32863B45B00B28DFE /* es */ = {isa = PBXFileReference; lastKnownFileType = text.plist.stringsdict; name = es; path = es.lproj/Localizable.stringsdict; sourceTree = "<group>"; };
/* End PBXFileReference section */

/* Begin PBXFrameworksBuildPhase section */
		9246BA9F2862C26A00B28DFE /* Frameworks */ = {
			isa = PBXFrameworksBuildPhase;
			buildActionMask = 2147483647;
			files = (
			);
			runOnlyForDeploymentPostprocessing = 0;
		};
/* End PBXFrameworksBuildPhase section */

/* Begin PBXGroup section */
		9246BA992862C26A00B28DFE = {
			isa = PBXGroup;
			children = (
				9246BAA42862C26A00B28DFE /* Dittobnb */,
				9246BAA32862C26A00B28DFE /* Products */,
			);
			sourceTree = "<group>";
		};
		9246BAA32862C26A00B28DFE /* Products */ = {
			isa = PBXGroup;
			children = (
				9246BAA22862C26A00B28DFE /* Dittobnb.app */,
			);
			name = Products;
			sourceTree = "<group>";
		};
		9246BAA42862C26A00B28DFE /* Dittobnb */ = {
			isa = PBXGroup;
			children = (
				9246BAA72862C26A00B28DFE /* ActivitiesView.swift */,
				9246BAA92862C26C00B28DFE /* Assets.xcassets */,
				9246BAB32862C2F000B28DFE /* BecomeAHostView.swift */,
				9246BAA52862C26A00B28DFE /* DittobnbApp.swift */,
				9246BAB52862C2F800B28DFE /* OnlineExperiencesView.swift */,
				9246BAB72862C30900B28DFE /* PlacesToStayView.swift */,
				9246BAAB2862C26C00B28DFE /* Preview Content */,
				9246BABF2863B3EA00B28DFE /* Resources */,
				9246BAB928637CA400B28DFE /* SideMenuView.swift */,
			);
			path = Dittobnb;
			sourceTree = "<group>";
		};
		9246BAAB2862C26C00B28DFE /* Preview Content */ = {
			isa = PBXGroup;
			children = (
				9246BAAC2862C26C00B28DFE /* Preview Assets.xcassets */,
			);
			path = "Preview Content";
			sourceTree = "<group>";
		};
		9246BABF2863B3EA00B28DFE /* Resources */ = {
			isa = PBXGroup;
			children = (
				9246BAC42863B40700B28DFE /* Localizable.strings */,
				9246BAC62863B40700B28DFE /* Localizable.stringsdict */,
			);
			path = Resources;
			sourceTree = "<group>";
		};
/* End PBXGroup section */

/* Begin PBXNativeTarget section */
		9246BAA12862C26A00B28DFE /* Dittobnb */ = {
			isa = PBXNativeTarget;
			buildConfigurationList = 9246BAB02862C26C00B28DFE /* Build configuration list for PBXNativeTarget "Dittobnb" */;
			buildPhases = (
				9246BA9E2862C26A00B28DFE /* Sources */,
				9246BA9F2862C26A00B28DFE /* Frameworks */,
				9246BAA02862C26A00B28DFE /* Resources */,
			);
			buildRules = (
			);
			dependencies = (
			);
			name = Dittobnb;
			productName = Dittobnb;
			productReference = 9246BAA22862C26A00B28DFE /* Dittobnb.app */;
			productType = "com.apple.product-type.application";
		};
/* End PBXNativeTarget section */

/* Begin PBXProject section */
		9246BA9A2862C26A00B28DFE /* Project object */ = {
			isa = PBXProject;
			attributes = {
				BuildIndependentTargetsInParallel = 1;
				LastSwiftUpdateCheck = 1340;
				LastUpgradeCheck = 1340;
				TargetAttributes = {
					9246BAA12862C26A00B28DFE = {
						CreatedOnToolsVersion = 13.4.1;
					};
				};
			};
			buildConfigurationList = 9246BA9D2862C26A00B28DFE /* Build configuration list for PBXProject "Dittobnb" */;
			compatibilityVersion = "Xcode 13.0";
			developmentRegion = en;
			hasScannedForEncodings = 0;
			knownRegions = (
				en,
				Base,
				es,
			);
			mainGroup = 9246BA992862C26A00B28DFE;
			productRefGroup = 9246BAA32862C26A00B28DFE /* Products */;
			projectDirPath = "";
			projectRoot = "";
			targets = (
				9246BAA12862C26A00B28DFE /* Dittobnb */,
			);
		};
/* End PBXProject section */

/* Begin PBXResourcesBuildPhase section */
		9246BAA02862C26A00B28DFE /* Resources */ = {
			isa = PBXResourcesBuildPhase;
			buildActionMask = 2147483647;
			files = (
				9246BACA2863B40700B28DFE /* Localizable.strings in Resources */,
				9246BAAD2862C26C00B28DFE /* Preview Assets.xcassets in Resources */,
				9246BAAA2862C26C00B28DFE /* Assets.xcassets in Resources */,
				9246BACB2863B40700B28DFE /* Localizable.stringsdict in Resources */,
			);
			runOnlyForDeploymentPostprocessing = 0;
		};
/* End PBXResourcesBuildPhase section */

/* Begin PBXSourcesBuildPhase section */
		9246BA9E2862C26A00B28DFE /* Sources */ = {
			isa = PBXSourcesBuildPhase;
			buildActionMask = 2147483647;
			files = (
				9246BAA82862C26A00B28DFE /* ActivitiesView.swift in Sources */,
				9246BAB62862C2F800B28DFE /* OnlineExperiencesView.swift in Sources */,
				9246BAA62862C26A00B28DFE /* DittobnbApp.swift in Sources */,
				9246BABA28637CA400B28DFE /* SideMenuView.swift in Sources */,
				9246BAB42862C2F000B28DFE /* BecomeAHostView.swift in Sources */,
				9246BAB82862C30900B28DFE /* PlacesToStayView.swift in Sources */,
			);
			runOnlyForDeploymentPostprocessing = 0;
		};
/* End PBXSourcesBuildPhase section */

/* Begin PBXVariantGroup section */
		9246BAC42863B40700B28DFE /* Localizable.strings */ = {
			isa = PBXVariantGroup;
			children = (
				9246BAC52863B40700B28DFE /* en */,
				9246BAD22863B45B00B28DFE /* es */,
			);
			name = Localizable.strings;
			sourceTree = "<group>";
		};
		9246BAC62863B40700B28DFE /* Localizable.stringsdict */ = {
			isa = PBXVariantGroup;
			children = (
				9246BAC72863B40700B28DFE /* en */,
				9246BAD32863B45B00B28DFE /* es */,
			);
			name = Localizable.stringsdict;
			sourceTree = "<group>";
		};
/* End PBXVariantGroup section */

/* Begin XCBuildConfiguration section */
		9246BAAE2862C26C00B28DFE /* Debug */ = {
			isa = XCBuildConfiguration;
			buildSettings = {
				ALWAYS_SEARCH_USER_PATHS = NO;
				CLANG_ANALYZER_NONNULL = YES;
				CLANG_ANALYZER_NUMBER_OBJECT_CONVERSION = YES_AGGRESSIVE;
				CLANG_CXX_LANGUAGE_STANDARD = "gnu++17";
				CLANG_ENABLE_MODULES = YES;
				CLANG_ENABLE_OBJC_ARC = YES;
				CLANG_ENABLE_OBJC_WEAK = YES;
				CLANG_WARN_BLOCK_CAPTURE_AUTORELEASING = YES;
				CLANG_WARN_BOOL_CONVERSION = YES;
				CLANG_WARN_COMMA = YES;
				CLANG_WARN_CONSTANT_CONVERSION = YES;
				CLANG_WARN_DEPRECATED_OBJC_IMPLEMENTATIONS = YES;
				CLANG_WARN_DIRECT_OBJC_ISA_USAGE = YES_ERROR;
				CLANG_WARN_DOCUMENTATION_COMMENTS = YES;
				CLANG_WARN_EMPTY_BODY = YES;
				CLANG_WARN_ENUM_CONVERSION = YES;
				CLANG_WARN_INFINITE_RECURSION = YES;
				CLANG_WARN_INT_CONVERSION = YES;
				CLANG_WARN_NON_LITERAL_NULL_CONVERSION = YES;
				CLANG_WARN_OBJC_IMPLICIT_RETAIN_SELF = YES;
				CLANG_WARN_OBJC_LITERAL_CONVERSION = YES;
				CLANG_WARN_OBJC_ROOT_CLASS = YES_ERROR;
				CLANG_WARN_QUOTED_INCLUDE_IN_FRAMEWORK_HEADER = YES;
				CLANG_WARN_RANGE_LOOP_ANALYSIS = YES;
				CLANG_WARN_STRICT_PROTOTYPES = YES;
				CLANG_WARN_SUSPICIOUS_MOVE = YES;
				CLANG_WARN_UNGUARDED_AVAILABILITY = YES_AGGRESSIVE;
				CLANG_WARN_UNREACHABLE_CODE = YES;
				CLANG_WARN__DUPLICATE_METHOD_MATCH = YES;
				COPY_PHASE_STRIP = NO;
				DEBUG_INFORMATION_FORMAT = dwarf;
				ENABLE_STRICT_OBJC_MSGSEND = YES;
				ENABLE_TESTABILITY = YES;
				GCC_C_LANGUAGE_STANDARD = gnu11;
				GCC_DYNAMIC_NO_PIC = NO;
				GCC_NO_COMMON_BLOCKS = YES;
				GCC_OPTIMIZATION_LEVEL = 0;
				GCC_PREPROCESSOR_DEFINITIONS = (
					"DEBUG=1",
					"$(inherited)",
				);
				GCC_WARN_64_TO_32_BIT_CONVERSION = YES;
				GCC_WARN_ABOUT_RETURN_TYPE = YES_ERROR;
				GCC_WARN_UNDECLARED_SELECTOR = YES;
				GCC_WARN_UNINITIALIZED_AUTOS = YES_AGGRESSIVE;
				GCC_WARN_UNUSED_FUNCTION = YES;
				GCC_WARN_UNUSED_VARIABLE = YES;
				IPHONEOS_DEPLOYMENT_TARGET = 15.5;
				MTL_ENABLE_DEBUG_INFO = INCLUDE_SOURCE;
				MTL_FAST_MATH = YES;
				ONLY_ACTIVE_ARCH = YES;
				SDKROOT = iphoneos;
				SWIFT_ACTIVE_COMPILATION_CONDITIONS = DEBUG;
				SWIFT_OPTIMIZATION_LEVEL = "-Onone";
			};
			name = Debug;
		};
		9246BAAF2862C26C00B28DFE /* Release */ = {
			isa = XCBuildConfiguration;
			buildSettings = {
				ALWAYS_SEARCH_USER_PATHS = NO;
				CLANG_ANALYZER_NONNULL = YES;
				CLANG_ANALYZER_NUMBER_OBJECT_CONVERSION = YES_AGGRESSIVE;
				CLANG_CXX_LANGUAGE_STANDARD = "gnu++17";
				CLANG_ENABLE_MODULES = YES;
				CLANG_ENABLE_OBJC_ARC = YES;
				CLANG_ENABLE_OBJC_WEAK = YES;
				CLANG_WARN_BLOCK_CAPTURE_AUTORELEASING = YES;
				CLANG_WARN_BOOL_CONVERSION = YES;
				CLANG_WARN_COMMA = YES;
				CLANG_WARN_CONSTANT_CONVERSION = YES;
				CLANG_WARN_DEPRECATED_OBJC_IMPLEMENTATIONS = YES;
				CLANG_WARN_DIRECT_OBJC_ISA_USAGE = YES_ERROR;
				CLANG_WARN_DOCUMENTATION_COMMENTS = YES;
				CLANG_WARN_EMPTY_BODY = YES;
				CLANG_WARN_ENUM_CONVERSION = YES;
				CLANG_WARN_INFINITE_RECURSION = YES;
				CLANG_WARN_INT_CONVERSION = YES;
				CLANG_WARN_NON_LITERAL_NULL_CONVERSION = YES;
				CLANG_WARN_OBJC_IMPLICIT_RETAIN_SELF = YES;
				CLANG_WARN_OBJC_LITERAL_CONVERSION = YES;
				CLANG_WARN_OBJC_ROOT_CLASS = YES_ERROR;
				CLANG_WARN_QUOTED_INCLUDE_IN_FRAMEWORK_HEADER = YES;
				CLANG_WARN_RANGE_LOOP_ANALYSIS = YES;
				CLANG_WARN_STRICT_PROTOTYPES = YES;
				CLANG_WARN_SUSPICIOUS_MOVE = YES;
				CLANG_WARN_UNGUARDED_AVAILABILITY = YES_AGGRESSIVE;
				CLANG_WARN_UNREACHABLE_CODE = YES;
				CLANG_WARN__DUPLICATE_METHOD_MATCH = YES;
				COPY_PHASE_STRIP = NO;
				DEBUG_INFORMATION_FORMAT = "dwarf-with-dsym";
				ENABLE_NS_ASSERTIONS = NO;
				ENABLE_STRICT_OBJC_MSGSEND = YES;
				GCC_C_LANGUAGE_STANDARD = gnu11;
				GCC_NO_COMMON_BLOCKS = YES;
				GCC_WARN_64_TO_32_BIT_CONVERSION = YES;
				GCC_WARN_ABOUT_RETURN_TYPE = YES_ERROR;
				GCC_WARN_UNDECLARED_SELECTOR = YES;
				GCC_WARN_UNINITIALIZED_AUTOS = YES_AGGRESSIVE;
				GCC_WARN_UNUSED_FUNCTION = YES;
				GCC_WARN_UNUSED_VARIABLE = YES;
				IPHONEOS_DEPLOYMENT_TARGET = 15.5;
				MTL_ENABLE_DEBUG_INFO = NO;
				MTL_FAST_MATH = YES;
				SDKROOT = iphoneos;
				SWIFT_COMPILATION_MODE = wholemodule;
				SWIFT_OPTIMIZATION_LEVEL = "-O";
				VALIDATE_PRODUCT = YES;
			};
			name = Release;
		};
		9246BAB12862C26C00B28DFE /* Debug */ = {
			isa = XCBuildConfiguration;
			buildSettings = {
				ASSETCATALOG_COMPILER_APPICON_NAME = AppIcon;
				ASSETCATALOG_COMPILER_GLOBAL_ACCENT_COLOR_NAME = AccentColor;
				CODE_SIGN_STYLE = Automatic;
				CURRENT_PROJECT_VERSION = 1;
				DEVELOPMENT_ASSET_PATHS = "\"Dittobnb/Preview Content\"";
				ENABLE_PREVIEWS = YES;
				GENERATE_INFOPLIST_FILE = YES;
				INFOPLIST_KEY_UIApplicationSceneManifest_Generation = YES;
				INFOPLIST_KEY_UIApplicationSupportsIndirectInputEvents = YES;
				INFOPLIST_KEY_UILaunchScreen_Generation = YES;
				INFOPLIST_KEY_UISupportedInterfaceOrientations_iPad = "UIInterfaceOrientationPortrait UIInterfaceOrientationPortraitUpsideDown UIInterfaceOrientationLandscapeLeft UIInterfaceOrientationLandscapeRight";
				INFOPLIST_KEY_UISupportedInterfaceOrientations_iPhone = "UIInterfaceOrientationPortrait UIInterfaceOrientationLandscapeLeft UIInterfaceOrientationLandscapeRight";
				LD_RUNPATH_SEARCH_PATHS = (
					"$(inherited)",
					"@executable_path/Frameworks",
				);
				MARKETING_VERSION = 1.0;
				PRODUCT_BUNDLE_IDENTIFIER = com.dittowords.ios.Dittobnb;
				PRODUCT_NAME = "$(TARGET_NAME)";
				SWIFT_EMIT_LOC_STRINGS = YES;
				SWIFT_VERSION = 5.0;
				TARGETED_DEVICE_FAMILY = "1,2";
			};
			name = Debug;
		};
		9246BAB22862C26C00B28DFE /* Release */ = {
			isa = XCBuildConfiguration;
			buildSettings = {
				ASSETCATALOG_COMPILER_APPICON_NAME = AppIcon;
				ASSETCATALOG_COMPILER_GLOBAL_ACCENT_COLOR_NAME = AccentColor;
				CODE_SIGN_STYLE = Automatic;
				CURRENT_PROJECT_VERSION = 1;
				DEVELOPMENT_ASSET_PATHS = "\"Dittobnb/Preview Content\"";
				ENABLE_PREVIEWS = YES;
				GENERATE_INFOPLIST_FILE = YES;
				INFOPLIST_KEY_UIApplicationSceneManifest_Generation = YES;
				INFOPLIST_KEY_UIApplicationSupportsIndirectInputEvents = YES;
				INFOPLIST_KEY_UILaunchScreen_Generation = YES;
				INFOPLIST_KEY_UISupportedInterfaceOrientations_iPad = "UIInterfaceOrientationPortrait UIInterfaceOrientationPortraitUpsideDown UIInterfaceOrientationLandscapeLeft UIInterfaceOrientationLandscapeRight";
				INFOPLIST_KEY_UISupportedInterfaceOrientations_iPhone = "UIInterfaceOrientationPortrait UIInterfaceOrientationLandscapeLeft UIInterfaceOrientationLandscapeRight";
				LD_RUNPATH_SEARCH_PATHS = (
					"$(inherited)",
					"@executable_path/Frameworks",
				);
				MARKETING_VERSION = 1.0;
				PRODUCT_BUNDLE_IDENTIFIER = com.dittowords.ios.Dittobnb;
				PRODUCT_NAME = "$(TARGET_NAME)";
				SWIFT_EMIT_LOC_STRINGS = YES;
				SWIFT_VERSION = 5.0;
				TARGETED_DEVICE_FAMILY = "1,2";
			};
			name = Release;
		};
/* End XCBuildConfiguration section */

/* Begin XCConfigurationList section */
		9246BA9D2862C26A00B28DFE /* Build configuration list for PBXProject "Dittobnb" */ = {
			isa = XCConfigurationList;
			buildConfigurations = (
				9246BAAE2862C26C00B28DFE /* Debug */,
				9246BAAF2862C26C00B28DFE /* Release */,
			);
			defaultConfigurationIsVisible = 0;
			defaultConfigurationName = Release;
		};
		9246BAB02862C26C00B28DFE /* Build configuration list for PBXNativeTarget "Dittobnb" */ = {
			isa = XCConfigurationList;
			buildConfigurations = (
				9246BAB12862C26C00B28DFE /* Debug */,
				9246BAB22862C26C00B28DFE /* Release */,
			);
			defaultConfigurationIsVisible = 0;
			defaultConfigurationName = Release;
		};
/* End XCConfigurationList section */
	};
	rootObject = 9246BA9A2862C26A00B28DFE /* Project object */;
}
